
Microsoft Visual Studio Solution File, Format Version 12.00
# Visual Studio Version 16
VisualStudioVersion = 16.0.29230.47
MinimumVisualStudioVersion = 10.0.40219.1
Project("{FAE04EC0-301F-11D3-BF4B-00C04F79EFBC}") = "SimpleExercise.Android", "SimpleExercise\SimpleExercise.Android\SimpleExercise.Android.csproj", "{15143783-D011-4437-ACBB-00CA8015C0F3}"
EndProject
Project("{FAE04EC0-301F-11D3-BF4B-00C04F79EFBC}") = "SimpleExercise.iOS", "SimpleExercise\SimpleExercise.iOS\SimpleExercise.iOS.csproj", "{7CEFEF1F-548F-4021-BCD2-C2F072C52A77}"
EndProject
Project("{FAE04EC0-301F-11D3-BF4B-00C04F79EFBC}") = "SimpleExercise", "SimpleExercise\SimpleExercise\SimpleExercise.csproj", "{97BFD2EC-56CE-471F-BBD2-8BCA02C3B09E}"
EndProject
Global
	GlobalSection(SolutionConfigurationPlatforms) = preSolution
		Debug|Any CPU = Debug|Any CPU
		Debug|iPhone = Debug|iPhone
		Debug|iPhoneSimulator = Debug|iPhoneSimulator
		Release|Any CPU = Release|Any CPU
		Release|iPhone = Release|iPhone
		Release|iPhoneSimulator = Release|iPhoneSimulator
	EndGlobalSection
	GlobalSection(ProjectConfigurationPlatforms) = postSolution
		{15143783-D011-4437-ACBB-00CA8015C0F3}.Debug|Any CPU.ActiveCfg = Debug|Any CPU
		{15143783-D011-4437-ACBB-00CA8015C0F3}.Debug|Any CPU.Build.0 = Debug|Any CPU
		{15143783-D011-4437-ACBB-00CA8015C0F3}.Debug|Any CPU.Deploy.0 = Debug|Any CPU
		{15143783-D011-4437-ACBB-00CA8015C0F3}.Debug|iPhone.ActiveCfg = Debug|Any CPU
		{15143783-D011-4437-ACBB-00CA8015C0F3}.Debug|iPhone.Build.0 = Debug|Any CPU
		{15143783-D011-4437-ACBB-00CA8015C0F3}.Debug|iPhone.Deploy.0 = Debug|Any CPU
		{15143783-D011-4437-ACBB-00CA8015C0F3}.Debug|iPhoneSimulator.ActiveCfg = Debug|Any CPU
		{15143783-D011-4437-ACBB-00CA8015C0F3}.Debug|iPhoneSimulator.Build.0 = Debug|Any CPU
		{15143783-D011-4437-ACBB-00CA8015C0F3}.Debug|iPhoneSimulator.Deploy.0 = Debug|Any CPU
		{15143783-D011-4437-ACBB-00CA8015C0F3}.Release|Any CPU.ActiveCfg = Release|Any CPU
		{15143783-D011-4437-ACBB-00CA8015C0F3}.Release|Any CPU.Build.0 = Release|Any CPU
		{15143783-D011-4437-ACBB-00CA8015C0F3}.Release|Any CPU.Deploy.0 = Release|Any CPU
		{15143783-D011-4437-ACBB-00CA8015C0F3}.Release|iPhone.ActiveCfg = Release|Any CPU
		{15143783-D011-4437-ACBB-00CA8015C0F3}.Release|iPhone.Build.0 = Release|Any CPU
		{15143783-D011-4437-ACBB-00CA8015C0F3}.Release|iPhone.Deploy.0 = Release|Any CPU
		{15143783-D011-4437-ACBB-00CA8015C0F3}.Release|iPhoneSimulator.ActiveCfg = Release|Any CPU
		{15143783-D011-4437-ACBB-00CA8015C0F3}.Release|iPhoneSimulator.Build.0 = Release|Any CPU
		{15143783-D011-4437-ACBB-00CA8015C0F3}.Release|iPhoneSimulator.Deploy.0 = Release|Any CPU
		{7CEFEF1F-548F-4021-BCD2-C2F072C52A77}.Debug|Any CPU.ActiveCfg = Debug|iPhoneSimulator
		{7CEFEF1F-548F-4021-BCD2-C2F072C52A77}.Debug|Any CPU.Build.0 = Debug|iPhoneSimulator
		{7CEFEF1F-548F-4021-BCD2-C2F072C52A77}.Debug|Any CPU.Deploy.0 = Debug|iPhoneSimulator
		{7CEFEF1F-548F-4021-BCD2-C2F072C52A77}.Debug|iPhone.ActiveCfg = Debug|iPhone
		{7CEFEF1F-548F-4021-BCD2-C2F072C52A77}.Debug|iPhone.Build.0 = Debug|iPhone
		{7CEFEF1F-548F-4021-BCD2-C2F072C52A77}.Debug|iPhone.Deploy.0 = Debug|iPhone
		{7CEFEF1F-548F-4021-BCD2-C2F072C52A77}.Debug|iPhoneSimulator.ActiveCfg = Debug|iPhoneSimulator
		{7CEFEF1F-548F-4021-BCD2-C2F072C52A77}.Debug|iPhoneSimulator.Build.0 = Debug|iPhoneSimulator
		{7CEFEF1F-548F-4021-BCD2-C2F072C52A77}.Debug|iPhoneSimulator.Deploy.0 = Debug|iPhoneSimulator
		{7CEFEF1F-548F-4021-BCD2-C2F072C52A77}.Release|Any CPU.ActiveCfg = Release|iPhone
		{7CEFEF1F-548F-4021-BCD2-C2F072C52A77}.Release|Any CPU.Build.0 = Release|iPhone
		{7CEFEF1F-548F-4021-BCD2-C2F072C52A77}.Release|Any CPU.Deploy.0 = Release|iPhone
		{7CEFEF1F-548F-4021-BCD2-C2F072C52A77}.Release|iPhone.ActiveCfg = Release|iPhone
		{7CEFEF1F-548F-4021-BCD2-C2F072C52A77}.Release|iPhone.Build.0 = Release|iPhone
		{7CEFEF1F-548F-4021-BCD2-C2F072C52A77}.Release|iPhone.Deploy.0 = Release|iPhone
		{7CEFEF1F-548F-4021-BCD2-C2F072C52A77}.Release|iPhoneSimulator.ActiveCfg = Release|iPhoneSimulator
		{7CEFEF1F-548F-4021-BCD2-C2F072C52A77}.Release|iPhoneSimulator.Build.0 = Release|iPhoneSimulator
		{7CEFEF1F-548F-4021-BCD2-C2F072C52A77}.Release|iPhoneSimulator.Deploy.0 = Release|iPhoneSimulator
		{97BFD2EC-56CE-471F-BBD2-8BCA02C3B09E}.Debug|Any CPU.ActiveCfg = Debug|Any CPU
		{97BFD2EC-56CE-471F-BBD2-8BCA02C3B09E}.Debug|Any CPU.Build.0 = Debug|Any CPU
		{97BFD2EC-56CE-471F-BBD2-8BCA02C3B09E}.Debug|Any CPU.Deploy.0 = Debug|Any CPU
		{97BFD2EC-56CE-471F-BBD2-8BCA02C3B09E}.Debug|iPhone.ActiveCfg = Debug|Any CPU
		{97BFD2EC-56CE-471F-BBD2-8BCA02C3B09E}.Debug|iPhone.Build.0 = Debug|Any CPU
		{97BFD2EC-56CE-471F-BBD2-8BCA02C3B09E}.Debug|iPhone.Deploy.0 = Debug|Any CPU
		{97BFD2EC-56CE-471F-BBD2-8BCA02C3B09E}.Debug|iPhoneSimulator.ActiveCfg = Debug|Any CPU
		{97BFD2EC-56CE-471F-BBD2-8BCA02C3B09E}.Debug|iPhoneSimulator.Build.0 = Debug|Any CPU
		{97BFD2EC-56CE-471F-BBD2-8BCA02C3B09E}.Debug|iPhoneSimulator.Deploy.0 = Debug|Any CPU
		{97BFD2EC-56CE-471F-BBD2-8BCA02C3B09E}.Release|Any CPU.ActiveCfg = Release|Any CPU
		{97BFD2EC-56CE-471F-BBD2-8BCA02C3B09E}.Release|Any CPU.Build.0 = Release|Any CPU
		{97BFD2EC-56CE-471F-BBD2-8BCA02C3B09E}.Release|Any CPU.Deploy.0 = Release|Any CPU
		{97BFD2EC-56CE-471F-BBD2-8BCA02C3B09E}.Release|iPhone.ActiveCfg = Release|Any CPU
		{97BFD2EC-56CE-471F-BBD2-8BCA02C3B09E}.Release|iPhone.Build.0 = Release|Any CPU
		{97BFD2EC-56CE-471F-BBD2-8BCA02C3B09E}.Release|iPhone.Deploy.0 = Release|Any CPU
		{97BFD2EC-56CE-471F-BBD2-8BCA02C3B09E}.Release|iPhoneSimulator.ActiveCfg = Release|Any CPU
		{97BFD2EC-56CE-471F-BBD2-8BCA02C3B09E}.Release|iPhoneSimulator.Build.0 = Release|Any CPU
		{97BFD2EC-56CE-471F-BBD2-8BCA02C3B09E}.Release|iPhoneSimulator.Deploy.0 = Release|Any CPU
	EndGlobalSection
	GlobalSection(SolutionProperties) = preSolution
		HideSolutionNode = FALSE
	EndGlobalSection
	GlobalSection(ExtensibilityGlobals) = postSolution
		SolutionGuid = {BFC407B1-07D5-48D8-AF5E-4EB9D47EC811}
	EndGlobalSection
EndGlobal
